# This file is automatically @generated by Cargo.
# It is not intended for manual editing.
version = 3

[[package]]
name = "business"
version = "0.1.0"

[[package]]
name = "controller"
version = "0.1.0"
dependencies = [
 "business",
]

[[package]]
name = "repository"
version = "0.1.0"
dependencies = [
 "business",
]

[[package]]
name = "rootcompose"
version = "0.1.0"
dependencies = [
 "business",
 "controller",
 "repository",
 "testlibrary",
]

[[package]]
name = "testlibrary"
version = "0.1.0"
